
Microsoft Visual Studio Solution File, Format Version 11.00
# Visual Studio 2010
Project("{FAE04EC0-301F-11D3-BF4B-00C04F79EFBC}") = "Assembly-CSharp", "Assembly-CSharp.csproj", "{5fb3a613-51d3-7092-e64a-5d137f457a79}"
EndProject
Project("{FAE04EC0-301F-11D3-BF4B-00C04F79EFBC}") = "Unity.XR.Management.Samples", "Unity.XR.Management.Samples.csproj", "{eab51913-69ab-4ef3-0034-1227101bdebe}"
EndProject
Project("{FAE04EC0-301F-11D3-BF4B-00C04F79EFBC}") = "Unity.XR.Management.Samples.Editor", "Unity.XR.Management.Samples.Editor.csproj", "{15fd92b1-9c44-c187-b1e6-635008ff3e4a}"
EndProject
Global
	GlobalSection(SolutionConfigurationPlatforms) = preSolution
		Debug|Any CPU = Debug|Any CPU
	EndGlobalSection
	GlobalSection(ProjectConfigurationPlatforms) = postSolution
		{5fb3a613-51d3-7092-e64a-5d137f457a79}.Debug|Any CPU.ActiveCfg = Debug|Any CPU
		{5fb3a613-51d3-7092-e64a-5d137f457a79}.Debug|Any CPU.Build.0 = Debug|Any CPU
		{eab51913-69ab-4ef3-0034-1227101bdebe}.Debug|Any CPU.ActiveCfg = Debug|Any CPU
		{eab51913-69ab-4ef3-0034-1227101bdebe}.Debug|Any CPU.Build.0 = Debug|Any CPU
		{15fd92b1-9c44-c187-b1e6-635008ff3e4a}.Debug|Any CPU.ActiveCfg = Debug|Any CPU
		{15fd92b1-9c44-c187-b1e6-635008ff3e4a}.Debug|Any CPU.Build.0 = Debug|Any CPU
	EndGlobalSection
	GlobalSection(SolutionProperties) = preSolution
		HideSolutionNode = FALSE
	EndGlobalSection
EndGlobal
